// !$*UTF8*$!
{
	archiveVersion = 1;
	classes = {
	};
	objectVersion = 77;
	objects = {

/* Begin PBXBuildFile section */
		12A0B003320000000000A003 /* GoogleMobileAds in Frameworks */ = {isa = PBXBuildFile; productRef = 12A0B002320000000000A002 /* GoogleMobileAds */; };
		12C1A00A310000000000C011 /* GgumirrorControls.appex in Embed Foundation Extensions */ = {isa = PBXBuildFile; fileRef = 12C1A001310000000000C002 /* GgumirrorControls.appex */; settings = {ATTRIBUTES = (RemoveHeadersOnCopy, ); }; };
		12F42EF6302B6FD40007811E /* GgumirrorCapture.appex in Embed ExtensionKit Extensions */ = {isa = PBXBuildFile; fileRef = 12F42EED302B6FD40007811E /* GgumirrorCapture.appex */; settings = {ATTRIBUTES = (RemoveHeadersOnCopy, ); }; };
/* End PBXBuildFile section */

/* Begin PBXContainerItemProxy section */
		12C1A00C310000000000C013 /* PBXContainerItemProxy */ = {
			isa = PBXContainerItemProxy;
			containerPortal = 12E5F2CB30274DA6004E6173 /* Project object */;
			proxyType = 1;
			remoteGlobalIDString = 12C1A000310000000000C001;
			remoteInfo = GgumirrorControls;
		};
		12E5F2E330274DA8004E6173 /* PBXContainerItemProxy */ = {
			isa = PBXContainerItemProxy;
			containerPortal = 12E5F2CB30274DA6004E6173 /* Project object */;
			proxyType = 1;
			remoteGlobalIDString = 12E5F2D230274DA6004E6173;
			remoteInfo = ggumirror;
		};
		12E5F2ED30274DA8004E6173 /* PBXContainerItemProxy */ = {
			isa = PBXContainerItemProxy;
			containerPortal = 12E5F2CB30274DA6004E6173 /* Project object */;
			proxyType = 1;
			remoteGlobalIDString = 12E5F2D230274DA6004E6173;
			remoteInfo = ggumirror;
		};
		12F42EF4302B6FD40007811E /* PBXContainerItemProxy */ = {
			isa = PBXContainerItemProxy;
			containerPortal = 12E5F2CB30274DA6004E6173 /* Project object */;
			proxyType = 1;
			remoteGlobalIDString = 12F42EEC302B6FD40007811E;
			remoteInfo = GgumirrorCapture;
		};
/* End PBXContainerItemProxy section */

/* Begin PBXCopyFilesBuildPhase section */
		12C1A009310000000000C010 /* Embed Foundation Extensions */ = {
			isa = PBXCopyFilesBuildPhase;
			buildActionMask = 2147483647;
			dstPath = "";
			dstSubfolderSpec = 13;
			files = (
				12C1A00A310000000000C011 /* GgumirrorControls.appex in Embed Foundation Extensions */,
			);
			name = "Embed Foundation Extensions";
			runOnlyForDeploymentPostprocessing = 0;
		};
		12F42EFB302B6FD40007811E /* Embed ExtensionKit Extensions */ = {
			isa = PBXCopyFilesBuildPhase;
			buildActionMask = 2147483647;
			dstPath = "$(EXTENSIONS_FOLDER_PATH)";
			dstSubfolderSpec = 16;
			files = (
				12F42EF6302B6FD40007811E /* GgumirrorCapture.appex in Embed ExtensionKit Extensions */,
			);
			name = "Embed ExtensionKit Extensions";
			runOnlyForDeploymentPostprocessing = 0;
		};
/* End PBXCopyFilesBuildPhase section */

/* Begin PBXFileReference section */
		12C0F1A0310000000000B001 /* Base.xcconfig */ = {isa = PBXFileReference; lastKnownFileType = text.xcconfig; path = Base.xcconfig; sourceTree = "<group>"; };
		12C0F1A1310000000000B002 /* Debug.xcconfig */ = {isa = PBXFileReference; lastKnownFileType = text.xcconfig; path = Debug.xcconfig; sourceTree = "<group>"; };
		12C0F1A2310000000000B003 /* Release.xcconfig */ = {isa = PBXFileReference; lastKnownFileType = text.xcconfig; path = Release.xcconfig; sourceTree = "<group>"; };
		12C0F1A3310000000000B004 /* Local.xcconfig.example */ = {isa = PBXFileReference; lastKnownFileType = text; path = Local.xcconfig.example; sourceTree = "<group>"; };
		12C0F1A5310000000000B006 /* Info.plist */ = {isa = PBXFileReference; lastKnownFileType = text.plist.xml; path = Info.plist; sourceTree = "<group>"; };
		12C1A001310000000000C002 /* GgumirrorControls.appex */ = {isa = PBXFileReference; explicitFileType = "wrapper.app-extension"; includeInIndex = 0; path = GgumirrorControls.appex; sourceTree = BUILT_PRODUCTS_DIR; };
		12E5F2D330274DA6004E6173 /* ggumirror.app */ = {isa = PBXFileReference; explicitFileType = wrapper.application; includeInIndex = 0; path = ggumirror.app; sourceTree = BUILT_PRODUCTS_DIR; };
		12E5F2E230274DA8004E6173 /* ggumirrorTests.xctest */ = {isa = PBXFileReference; explicitFileType = wrapper.cfbundle; includeInIndex = 0; path = ggumirrorTests.xctest; sourceTree = BUILT_PRODUCTS_DIR; };
		12E5F2EC30274DA8004E6173 /* ggumirrorUITests.xctest */ = {isa = PBXFileReference; explicitFileType = wrapper.cfbundle; includeInIndex = 0; path = ggumirrorUITests.xctest; sourceTree = BUILT_PRODUCTS_DIR; };
		12F42EED302B6FD40007811E /* GgumirrorCapture.appex */ = {isa = PBXFileReference; explicitFileType = "wrapper.extensionkit-extension"; includeInIndex = 0; path = GgumirrorCapture.appex; sourceTree = BUILT_PRODUCTS_DIR; };
/* End PBXFileReference section */

/* Begin PBXFileSystemSynchronizedBuildFileExceptionSet section */
		12A174DD302A157200B79A16 /* Exceptions for "ggumirror" folder in "ggumirrorTests" target */ = {
			isa = PBXFileSystemSynchronizedBuildFileExceptionSet;
			membershipExceptions = (
				"Resources/Fonts/Gaegu-Bold.ttf",
				"Resources/Fonts/Gaegu-Light.ttf",
				"Resources/Fonts/Gaegu-Regular.ttf",
				"Resources/Fonts/GamjaFlower-Regular.ttf",
				"Resources/Fonts/HiMelody-Regular.ttf",
				"Resources/Fonts/Jua-Regular.ttf",
				"Resources/Fonts/NanumBrushScript-Regular.ttf",
				"Resources/Fonts/NanumPenScript-Regular.ttf",
				"Resources/Fonts/PoorStory-Regular.ttf",
				"Resources/Fonts/SingleDay-Regular.ttf",
			);
			target = 12E5F2E130274DA8004E6173 /* ggumirrorTests */;
		};
		12A174DE302A157200B79A16 /* Exceptions for "ggumirror" folder in "ggumirrorUITests" target */ = {
			isa = PBXFileSystemSynchronizedBuildFileExceptionSet;
			membershipExceptions = (
				"Resources/Fonts/Gaegu-Bold.ttf",
				"Resources/Fonts/Gaegu-Light.ttf",
				"Resources/Fonts/Gaegu-Regular.ttf",
				"Resources/Fonts/GamjaFlower-Regular.ttf",
				"Resources/Fonts/HiMelody-Regular.ttf",
				"Resources/Fonts/Jua-Regular.ttf",
				"Resources/Fonts/NanumBrushScript-Regular.ttf",
				"Resources/Fonts/NanumPenScript-Regular.ttf",
				"Resources/Fonts/PoorStory-Regular.ttf",
				"Resources/Fonts/SingleDay-Regular.ttf",
			);
			target = 12E5F2EB30274DA8004E6173 /* ggumirrorUITests */;
		};
		12C1A00D310000000000C014 /* Exceptions for "GgumirrorControls" folder in "GgumirrorControls" target */ = {
			isa = PBXFileSystemSynchronizedBuildFileExceptionSet;
			membershipExceptions = (
				Info.plist,
			);
			target = 12C1A000310000000000C001 /* GgumirrorControls */;
		};
		12C1A00E310000000000C015 /* Exceptions for "ggumirror" folder in "GgumirrorControls" target */ = {
			isa = PBXFileSystemSynchronizedBuildFileExceptionSet;
			membershipExceptions = (
				Mirror/QuickMirrorActivity.swift,
				Mirror/QuickMirrorIntent.swift,
				Mirror/QuickMirrorPreset.swift,
				Mirror/QuickMirrorRequest.swift,
			);
			target = 12C1A000310000000000C001 /* GgumirrorControls */;
		};
		12F42EFA302B6FD40007811E /* Exceptions for "GgumirrorCapture" folder in "GgumirrorCapture" target */ = {
			isa = PBXFileSystemSynchronizedBuildFileExceptionSet;
			membershipExceptions = (
				Info.plist,
			);
			target = 12F42EEC302B6FD40007811E /* GgumirrorCapture */;
		};
		12F42F10302B6FD40007811E /* Exceptions for "ggumirror" folder in "GgumirrorCapture" target */ = {
			isa = PBXFileSystemSynchronizedBuildFileExceptionSet;
			membershipExceptions = (
				Mirror/CameraPreviewView.swift,
				Mirror/MirrorCamera.swift,
				Mirror/QuickMirrorActivity.swift,
				Mirror/QuickMirrorCaptureStore.swift,
				Mirror/QuickMirrorComposer.swift,
				Mirror/QuickMirrorFrameView.swift,
				Mirror/QuickMirrorIntent.swift,
				Mirror/QuickMirrorPreset.swift,
				Mirror/QuickMirrorRequest.swift,
			);
			target = 12F42EEC302B6FD40007811E /* GgumirrorCapture */;
		};
/* End PBXFileSystemSynchronizedBuildFileExceptionSet section */

/* Begin PBXFileSystemSynchronizedRootGroup section */
		12C1A002310000000000C003 /* GgumirrorControls */ = {
			isa = PBXFileSystemSynchronizedRootGroup;
			exceptions = (
				12C1A00D310000000000C014 /* Exceptions for "GgumirrorControls" folder in "GgumirrorControls" target */,
			);
			path = GgumirrorControls;
			sourceTree = "<group>";
		};
		12E5F2D530274DA6004E6173 /* ggumirror */ = {
			isa = PBXFileSystemSynchronizedRootGroup;
			exceptions = (
				12A174DD302A157200B79A16 /* Exceptions for "ggumirror" folder in "ggumirrorTests" target */,
				12A174DE302A157200B79A16 /* Exceptions for "ggumirror" folder in "ggumirrorUITests" target */,
				12F42F10302B6FD40007811E /* Exceptions for "ggumirror" folder in "GgumirrorCapture" target */,
				12C1A00E310000000000C015 /* Exceptions for "ggumirror" folder in "GgumirrorControls" target */,
			);
			path = ggumirror;
			sourceTree = "<group>";
		};
		12E5F2E530274DA8004E6173 /* ggumirrorTests */ = {
			isa = PBXFileSystemSynchronizedRootGroup;
			path = ggumirrorTests;
			sourceTree = "<group>";
		};
		12E5F2EF30274DA8004E6173 /* ggumirrorUITests */ = {
			isa = PBXFileSystemSynchronizedRootGroup;
			path = ggumirrorUITests;
			sourceTree = "<group>";
		};
		12F42EEE302B6FD40007811E /* GgumirrorCapture */ = {
			isa = PBXFileSystemSynchronizedRootGroup;
			exceptions = (
				12F42EFA302B6FD40007811E /* Exceptions for "GgumirrorCapture" folder in "GgumirrorCapture" target */,
			);
			path = GgumirrorCapture;
			sourceTree = "<group>";
		};
/* End PBXFileSystemSynchronizedRootGroup section */

/* Begin PBXFrameworksBuildPhase section */
		12C1A007310000000000C008 /* Frameworks */ = {
			isa = PBXFrameworksBuildPhase;
			buildActionMask = 2147483647;
			files = (
			);
			runOnlyForDeploymentPostprocessing = 0;
		};
		12E5F2D030274DA6004E6173 /* Frameworks */ = {
			isa = PBXFrameworksBuildPhase;
			buildActionMask = 2147483647;
			files = (
				12A0B003320000000000A003 /* GoogleMobileAds in Frameworks */,
			);
			runOnlyForDeploymentPostprocessing = 0;
		};
		12E5F2DF30274DA8004E6173 /* Frameworks */ = {
			isa = PBXFrameworksBuildPhase;
			buildActionMask = 2147483647;
			files = (
			);
			runOnlyForDeploymentPostprocessing = 0;
		};
		12E5F2E930274DA8004E6173 /* Frameworks */ = {
			isa = PBXFrameworksBuildPhase;
			buildActionMask = 2147483647;
			files = (
			);
			runOnlyForDeploymentPostprocessing = 0;
		};
		12F42EEA302B6FD40007811E /* Frameworks */ = {
			isa = PBXFrameworksBuildPhase;
			buildActionMask = 2147483647;
			files = (
			);
			runOnlyForDeploymentPostprocessing = 0;
		};
/* End PBXFrameworksBuildPhase section */

/* Begin PBXGroup section */
		12C0F1A4310000000000B005 /* Config */ = {
			isa = PBXGroup;
			children = (
				12C0F1A0310000000000B001 /* Base.xcconfig */,
				12C0F1A1310000000000B002 /* Debug.xcconfig */,
				12C0F1A2310000000000B003 /* Release.xcconfig */,
				12C0F1A3310000000000B004 /* Local.xcconfig.example */,
				12C0F1A5310000000000B006 /* Info.plist */,
			);
			path = Config;
			sourceTree = "<group>";
		};
		12E5F2CA30274DA6004E6173 = {
			isa = PBXGroup;
			children = (
				12C0F1A4310000000000B005 /* Config */,
				12C1A002310000000000C003 /* GgumirrorControls */,
				12E5F2D530274DA6004E6173 /* ggumirror */,
				12E5F2E530274DA8004E6173 /* ggumirrorTests */,
				12E5F2EF30274DA8004E6173 /* ggumirrorUITests */,
				12F42EEE302B6FD40007811E /* GgumirrorCapture */,
				12E5F2D430274DA6004E6173 /* Products */,
			);
			sourceTree = "<group>";
		};
		12E5F2D430274DA6004E6173 /* Products */ = {
			isa = PBXGroup;
			children = (
				12E5F2D330274DA6004E6173 /* ggumirror.app */,
				12E5F2E230274DA8004E6173 /* ggumirrorTests.xctest */,
				12E5F2EC30274DA8004E6173 /* ggumirrorUITests.xctest */,
				12C1A001310000000000C002 /* GgumirrorControls.appex */,
				12F42EED302B6FD40007811E /* GgumirrorCapture.appex */,
			);
			name = Products;
			sourceTree = "<group>";
		};
/* End PBXGroup section */

/* Begin PBXNativeTarget section */
		12C1A000310000000000C001 /* GgumirrorControls */ = {
			isa = PBXNativeTarget;
			buildConfigurationList = 12C1A003310000000000C004 /* Build configuration list for PBXNativeTarget "GgumirrorControls" */;
			buildPhases = (
				12C1A006310000000000C007 /* Sources */,
				12C1A007310000000000C008 /* Frameworks */,
				12C1A008310000000000C009 /* Resources */,
			);
			buildRules = (
			);
			dependencies = (
			);
			fileSystemSynchronizedGroups = (
				12C1A002310000000000C003 /* GgumirrorControls */,
			);
			name = GgumirrorControls;
			packageProductDependencies = (
			);
			productName = GgumirrorControls;
			productReference = 12C1A001310000000000C002 /* GgumirrorControls.appex */;
			productType = "com.apple.product-type.app-extension";
		};
		12E5F2D230274DA6004E6173 /* ggumirror */ = {
			isa = PBXNativeTarget;
			buildConfigurationList = 12E5F2F630274DA8004E6173 /* Build configuration list for PBXNativeTarget "ggumirror" */;
			buildPhases = (
				12E5F2CF30274DA6004E6173 /* Sources */,
				12E5F2D030274DA6004E6173 /* Frameworks */,
				12E5F2D130274DA6004E6173 /* Resources */,
				12F42EFB302B6FD40007811E /* Embed ExtensionKit Extensions */,
				12C1A009310000000000C010 /* Embed Foundation Extensions */,
			);
			buildRules = (
			);
			dependencies = (
				12F42EF5302B6FD40007811E /* PBXTargetDependency */,
				12C1A00B310000000000C012 /* PBXTargetDependency */,
			);
			fileSystemSynchronizedGroups = (
				12E5F2D530274DA6004E6173 /* ggumirror */,
			);
			name = ggumirror;
			packageProductDependencies = (
				12A0B002320000000000A002 /* GoogleMobileAds */,
			);
			productName = ggumirror;
			productReference = 12E5F2D330274DA6004E6173 /* ggumirror.app */;
			productType = "com.apple.product-type.application";
		};
		12E5F2E130274DA8004E6173 /* ggumirrorTests */ = {
			isa = PBXNativeTarget;
			buildConfigurationList = 12E5F2F930274DA8004E6173 /* Build configuration list for PBXNativeTarget "ggumirrorTests" */;
			buildPhases = (
				12E5F2DE30274DA8004E6173 /* Sources */,
				12E5F2DF30274DA8004E6173 /* Frameworks */,
				12E5F2E030274DA8004E6173 /* Resources */,
			);
			buildRules = (
			);
			dependencies = (
				12E5F2E430274DA8004E6173 /* PBXTargetDependency */,
			);
			fileSystemSynchronizedGroups = (
				12E5F2E530274DA8004E6173 /* ggumirrorTests */,
			);
			name = ggumirrorTests;
			packageProductDependencies = (
			);
			productName = ggumirrorTests;
			productReference = 12E5F2E230274DA8004E6173 /* ggumirrorTests.xctest */;
			productType = "com.apple.product-type.bundle.unit-test";
		};
		12E5F2EB30274DA8004E6173 /* ggumirrorUITests */ = {
			isa = PBXNativeTarget;
			buildConfigurationList = 12E5F2FC30274DA8004E6173 /* Build configuration list for PBXNativeTarget "ggumirrorUITests" */;
			buildPhases = (
				12E5F2E830274DA8004E6173 /* Sources */,
				12E5F2E930274DA8004E6173 /* Frameworks */,
				12E5F2EA30274DA8004E6173 /* Resources */,
			);
			buildRules = (
			);
			dependencies = (
				12E5F2EE30274DA8004E6173 /* PBXTargetDependency */,
			);
			fileSystemSynchronizedGroups = (
				12E5F2EF30274DA8004E6173 /* ggumirrorUITests */,
			);
			name = ggumirrorUITests;
			packageProductDependencies = (
			);
			productName = ggumirrorUITests;
			productReference = 12E5F2EC30274DA8004E6173 /* ggumirrorUITests.xctest */;
			productType = "com.apple.product-type.bundle.ui-testing";
		};
		12F42EEC302B6FD40007811E /* GgumirrorCapture */ = {
			isa = PBXNativeTarget;
			buildConfigurationList = 12F42EF7302B6FD40007811E /* Build configuration list for PBXNativeTarget "GgumirrorCapture" */;
			buildPhases = (
				12F42EE9302B6FD40007811E /* Sources */,
				12F42EEA302B6FD40007811E /* Frameworks */,
				12F42EEB302B6FD40007811E /* Resources */,
			);
			buildRules = (
			);
			dependencies = (
			);
			fileSystemSynchronizedGroups = (
				12F42EEE302B6FD40007811E /* GgumirrorCapture */,
			);
			name = GgumirrorCapture;
			packageProductDependencies = (
			);
			productName = GgumirrorCapture;
			productReference = 12F42EED302B6FD40007811E /* GgumirrorCapture.appex */;
			productType = "com.apple.product-type.extensionkit-extension";
		};
/* End PBXNativeTarget section */

/* Begin PBXProject section */
		12E5F2CB30274DA6004E6173 /* Project object */ = {
			isa = PBXProject;
			attributes = {
				BuildIndependentTargetsInParallel = 1;
				LastSwiftUpdateCheck = 2620;
				LastUpgradeCheck = 2620;
				TargetAttributes = {
					12E5F2D230274DA6004E6173 = {
						CreatedOnToolsVersion = 26.2;
					};
					12E5F2E130274DA8004E6173 = {
						CreatedOnToolsVersion = 26.2;
						TestTargetID = 12E5F2D230274DA6004E6173;
					};
					12E5F2EB30274DA8004E6173 = {
						CreatedOnToolsVersion = 26.2;
						TestTargetID = 12E5F2D230274DA6004E6173;
					};
					12F42EEC302B6FD40007811E = {
						CreatedOnToolsVersion = 26.2;
					};
				};
			};
			buildConfigurationList = 12E5F2CE30274DA6004E6173 /* Build configuration list for PBXProject "ggumirror" */;
			developmentRegion = en;
			hasScannedForEncodings = 0;
			knownRegions = (
				en,
				Base,
			);
			mainGroup = 12E5F2CA30274DA6004E6173;
			minimizedProjectReferenceProxies = 1;
			packageReferences = (
				12A0B001320000000000A001 /* XCRemoteSwiftPackageReference "swift-package-manager-google-mobile-ads" */,
			);
			preferredProjectObjectVersion = 77;
			productRefGroup = 12E5F2D430274DA6004E6173 /* Products */;
			projectDirPath = "";
			projectRoot = "";
			targets = (
				12E5F2D230274DA6004E6173 /* ggumirror */,
				12E5F2E130274DA8004E6173 /* ggumirrorTests */,
				12E5F2EB30274DA8004E6173 /* ggumirrorUITests */,
				12F42EEC302B6FD40007811E /* GgumirrorCapture */,
				12C1A000310000000000C001 /* GgumirrorControls */,
			);
		};
/* End PBXProject section */

/* Begin PBXResourcesBuildPhase section */
		12C1A008310000000000C009 /* Resources */ = {
			isa = PBXResourcesBuildPhase;
			buildActionMask = 2147483647;
			files = (
			);
			runOnlyForDeploymentPostprocessing = 0;
		};
		12E5F2D130274DA6004E6173 /* Resources */ = {
			isa = PBXResourcesBuildPhase;
			buildActionMask = 2147483647;
			files = (
			);
			runOnlyForDeploymentPostprocessing = 0;
		};
		12E5F2E030274DA8004E6173 /* Resources */ = {
			isa = PBXResourcesBuildPhase;
			buildActionMask = 2147483647;
			files = (
			);
			runOnlyForDeploymentPostprocessing = 0;
		};
		12E5F2EA30274DA8004E6173 /* Resources */ = {
			isa = PBXResourcesBuildPhase;
			buildActionMask = 2147483647;
			files = (
			);
			runOnlyForDeploymentPostprocessing = 0;
		};
		12F42EEB302B6FD40007811E /* Resources */ = {
			isa = PBXResourcesBuildPhase;
			buildActionMask = 2147483647;
			files = (
			);
			runOnlyForDeploymentPostprocessing = 0;
		};
/* End PBXResourcesBuildPhase section */

/* Begin PBXSourcesBuildPhase section */
		12C1A006310000000000C007 /* Sources */ = {
			isa = PBXSourcesBuildPhase;
			buildActionMask = 2147483647;
			files = (
			);
			runOnlyForDeploymentPostprocessing = 0;
		};
		12E5F2CF30274DA6004E6173 /* Sources */ = {
			isa = PBXSourcesBuildPhase;
			buildActionMask = 2147483647;
			files = (
			);
			runOnlyForDeploymentPostprocessing = 0;
		};
		12E5F2DE30274DA8004E6173 /* Sources */ = {
			isa = PBXSourcesBuildPhase;
			buildActionMask = 2147483647;
			files = (
			);
			runOnlyForDeploymentPostprocessing = 0;
		};
		12E5F2E830274DA8004E6173 /* Sources */ = {
			isa = PBXSourcesBuildPhase;
			buildActionMask = 2147483647;
			files = (
			);
			runOnlyForDeploymentPostprocessing = 0;
		};
		12F42EE9302B6FD40007811E /* Sources */ = {
			isa = PBXSourcesBuildPhase;
			buildActionMask = 2147483647;
			files = (
			);
			runOnlyForDeploymentPostprocessing = 0;
		};
/* End PBXSourcesBuildPhase section */

/* Begin PBXTargetDependency section */
		12C1A00B310000000000C012 /* PBXTargetDependency */ = {
			isa = PBXTargetDependency;
			target = 12C1A000310000000000C001 /* GgumirrorControls */;
			targetProxy = 12C1A00C310000000000C013 /* PBXContainerItemProxy */;
		};
		12E5F2E430274DA8004E6173 /* PBXTargetDependency */ = {
			isa = PBXTargetDependency;
			target = 12E5F2D230274DA6004E6173 /* ggumirror */;
			targetProxy = 12E5F2E330274DA8004E6173 /* PBXContainerItemProxy */;
		};
		12E5F2EE30274DA8004E6173 /* PBXTargetDependency */ = {
			isa = PBXTargetDependency;
			target = 12E5F2D230274DA6004E6173 /* ggumirror */;
			targetProxy = 12E5F2ED30274DA8004E6173 /* PBXContainerItemProxy */;
		};
		12F42EF5302B6FD40007811E /* PBXTargetDependency */ = {
			isa = PBXTargetDependency;
			target = 12F42EEC302B6FD40007811E /* GgumirrorCapture */;
			targetProxy = 12F42EF4302B6FD40007811E /* PBXContainerItemProxy */;
		};
/* End PBXTargetDependency section */

/* Begin XCBuildConfiguration section */
		12C1A004310000000000C005 /* Debug */ = {
			isa = XCBuildConfiguration;
			buildSettings = {
				CODE_SIGN_STYLE = Automatic;
				CURRENT_PROJECT_VERSION = 1;
				DEVELOPMENT_TEAM = GQ89YG5G9R;
				GENERATE_INFOPLIST_FILE = YES;
				INFOPLIST_FILE = GgumirrorControls/Info.plist;
				INFOPLIST_KEY_CFBundleDisplayName = "꾸미러 거울";
				IPHONEOS_DEPLOYMENT_TARGET = 26.2;
				LD_RUNPATH_SEARCH_PATHS = (
					"$(inherited)",
					"@executable_path/Frameworks",
					"@executable_path/../../Frameworks",
				);
				MARKETING_VERSION = 1.1.0;
				PRODUCT_BUNDLE_IDENTIFIER = com.mark77234.ggumirror.controls;
				PRODUCT_NAME = "$(TARGET_NAME)";
				SKIP_INSTALL = YES;
				SWIFT_APPROACHABLE_CONCURRENCY = YES;
				SWIFT_DEFAULT_ACTOR_ISOLATION = MainActor;
				SWIFT_EMIT_LOC_STRINGS = YES;
				SWIFT_VERSION = 5.0;
				TARGETED_DEVICE_FAMILY = "1,2";
			};
			name = Debug;
		};
		12C1A005310000000000C006 /* Release */ = {
			isa = XCBuildConfiguration;
			buildSettings = {
				CODE_SIGN_STYLE = Automatic;
				CURRENT_PROJECT_VERSION = 1;
				DEVELOPMENT_TEAM = GQ89YG5G9R;
				GENERATE_INFOPLIST_FILE = YES;
				INFOPLIST_FILE = GgumirrorControls/Info.plist;
				INFOPLIST_KEY_CFBundleDisplayName = "꾸미러 거울";
				IPHONEOS_DEPLOYMENT_TARGET = 26.2;
				LD_RUNPATH_SEARCH_PATHS = (
					"$(inherited)",
					"@executable_path/Frameworks",
					"@executable_path/../../Frameworks",
				);
				MARKETING_VERSION = 1.1.0;
				PRODUCT_BUNDLE_IDENTIFIER = com.mark77234.ggumirror.controls;
				PRODUCT_NAME = "$(TARGET_NAME)";
				SKIP_INSTALL = YES;
				SWIFT_APPROACHABLE_CONCURRENCY = YES;
				SWIFT_DEFAULT_ACTOR_ISOLATION = MainActor;
				SWIFT_EMIT_LOC_STRINGS = YES;
				SWIFT_VERSION = 5.0;
				TARGETED_DEVICE_FAMILY = "1,2";
			};
			name = Release;
		};
		12E5F2F430274DA8004E6173 /* Debug */ = {
			isa = XCBuildConfiguration;
			buildSettings = {
				ALWAYS_SEARCH_USER_PATHS = NO;
				ASSETCATALOG_COMPILER_GENERATE_SWIFT_ASSET_SYMBOL_EXTENSIONS = YES;
				CLANG_ANALYZER_NONNULL = YES;
				CLANG_ANALYZER_NUMBER_OBJECT_CONVERSION = YES_AGGRESSIVE;
				CLANG_CXX_LANGUAGE_STANDARD = "gnu++20";
				CLANG_ENABLE_MODULES = YES;
				CLANG_ENABLE_OBJC_ARC = YES;
				CLANG_ENABLE_OBJC_WEAK = YES;
				CLANG_WARN_BLOCK_CAPTURE_AUTORELEASING = YES;
				CLANG_WARN_BOOL_CONVERSION = YES;
				CLANG_WARN_COMMA = YES;
				CLANG_WARN_CONSTANT_CONVERSION = YES;
				CLANG_WARN_DEPRECATED_OBJC_IMPLEMENTATIONS = YES;
				CLANG_WARN_DIRECT_OBJC_ISA_USAGE = YES_ERROR;
				CLANG_WARN_DOCUMENTATION_COMMENTS = YES;
				CLANG_WARN_EMPTY_BODY = YES;
				CLANG_WARN_ENUM_CONVERSION = YES;
				CLANG_WARN_INFINITE_RECURSION = YES;
				CLANG_WARN_INT_CONVERSION = YES;
				CLANG_WARN_NON_LITERAL_NULL_CONVERSION = YES;
				CLANG_WARN_OBJC_IMPLICIT_RETAIN_SELF = YES;
				CLANG_WARN_OBJC_LITERAL_CONVERSION = YES;
				CLANG_WARN_OBJC_ROOT_CLASS = YES_ERROR;
				CLANG_WARN_QUOTED_INCLUDE_IN_FRAMEWORK_HEADER = YES;
				CLANG_WARN_RANGE_LOOP_ANALYSIS = YES;
				CLANG_WARN_STRICT_PROTOTYPES = YES;
				CLANG_WARN_SUSPICIOUS_MOVE = YES;
				CLANG_WARN_UNGUARDED_AVAILABILITY = YES_AGGRESSIVE;
				CLANG_WARN_UNREACHABLE_CODE = YES;
				CLANG_WARN__DUPLICATE_METHOD_MATCH = YES;
				COPY_PHASE_STRIP = NO;
				DEBUG_INFORMATION_FORMAT = dwarf;
				DEVELOPMENT_TEAM = GQ89YG5G9R;
				ENABLE_STRICT_OBJC_MSGSEND = YES;
				ENABLE_TESTABILITY = YES;
				ENABLE_USER_SCRIPT_SANDBOXING = YES;
				GCC_C_LANGUAGE_STANDARD = gnu17;
				GCC_DYNAMIC_NO_PIC = NO;
				GCC_NO_COMMON_BLOCKS = YES;
				GCC_OPTIMIZATION_LEVEL = 0;
				GCC_PREPROCESSOR_DEFINITIONS = (
					"DEBUG=1",
					"$(inherited)",
				);
				GCC_WARN_64_TO_32_BIT_CONVERSION = YES;
				GCC_WARN_ABOUT_RETURN_TYPE = YES_ERROR;
				GCC_WARN_UNDECLARED_SELECTOR = YES;
				GCC_WARN_UNINITIALIZED_AUTOS = YES_AGGRESSIVE;
				GCC_WARN_UNUSED_FUNCTION = YES;
				GCC_WARN_UNUSED_VARIABLE = YES;
				IPHONEOS_DEPLOYMENT_TARGET = 26.2;
				LOCALIZATION_PREFERS_STRING_CATALOGS = YES;
				MTL_ENABLE_DEBUG_INFO = INCLUDE_SOURCE;
				MTL_FAST_MATH = YES;
				ONLY_ACTIVE_ARCH = YES;
				SDKROOT = iphoneos;
				SWIFT_ACTIVE_COMPILATION_CONDITIONS = "DEBUG $(inherited)";
				SWIFT_OPTIMIZATION_LEVEL = "-Onone";
			};
			name = Debug;
		};
		12E5F2F530274DA8004E6173 /* Release */ = {
			isa = XCBuildConfiguration;
			buildSettings = {
				ALWAYS_SEARCH_USER_PATHS = NO;
				ASSETCATALOG_COMPILER_GENERATE_SWIFT_ASSET_SYMBOL_EXTENSIONS = YES;
				CLANG_ANALYZER_NONNULL = YES;
				CLANG_ANALYZER_NUMBER_OBJECT_CONVERSION = YES_AGGRESSIVE;
				CLANG_CXX_LANGUAGE_STANDARD = "gnu++20";
				CLANG_ENABLE_MODULES = YES;
				CLANG_ENABLE_OBJC_ARC = YES;
				CLANG_ENABLE_OBJC_WEAK = YES;
				CLANG_WARN_BLOCK_CAPTURE_AUTORELEASING = YES;
				CLANG_WARN_BOOL_CONVERSION = YES;
				CLANG_WARN_COMMA = YES;
				CLANG_WARN_CONSTANT_CONVERSION = YES;
				CLANG_WARN_DEPRECATED_OBJC_IMPLEMENTATIONS = YES;
				CLANG_WARN_DIRECT_OBJC_ISA_USAGE = YES_ERROR;
				CLANG_WARN_DOCUMENTATION_COMMENTS = YES;
				CLANG_WARN_EMPTY_BODY = YES;
				CLANG_WARN_ENUM_CONVERSION = YES;
				CLANG_WARN_INFINITE_RECURSION = YES;
				CLANG_WARN_INT_CONVERSION = YES;
				CLANG_WARN_NON_LITERAL_NULL_CONVERSION = YES;
				CLANG_WARN_OBJC_IMPLICIT_RETAIN_SELF = YES;
				CLANG_WARN_OBJC_LITERAL_CONVERSION = YES;
				CLANG_WARN_OBJC_ROOT_CLASS = YES_ERROR;
				CLANG_WARN_QUOTED_INCLUDE_IN_FRAMEWORK_HEADER = YES;
				CLANG_WARN_RANGE_LOOP_ANALYSIS = YES;
				CLANG_WARN_STRICT_PROTOTYPES = YES;
				CLANG_WARN_SUSPICIOUS_MOVE = YES;
				CLANG_WARN_UNGUARDED_AVAILABILITY = YES_AGGRESSIVE;
				CLANG_WARN_UNREACHABLE_CODE = YES;
				CLANG_WARN__DUPLICATE_METHOD_MATCH = YES;
				COPY_PHASE_STRIP = NO;
				DEBUG_INFORMATION_FORMAT = "dwarf-with-dsym";
				DEVELOPMENT_TEAM = GQ89YG5G9R;
				ENABLE_NS_ASSERTIONS = NO;
				ENABLE_STRICT_OBJC_MSGSEND = YES;
				ENABLE_USER_SCRIPT_SANDBOXING = YES;
				GCC_C_LANGUAGE_STANDARD = gnu17;
				GCC_NO_COMMON_BLOCKS = YES;
				GCC_WARN_64_TO_32_BIT_CONVERSION = YES;
				GCC_WARN_ABOUT_RETURN_TYPE = YES_ERROR;
				GCC_WARN_UNDECLARED_SELECTOR = YES;
				GCC_WARN_UNINITIALIZED_AUTOS = YES_AGGRESSIVE;
				GCC_WARN_UNUSED_FUNCTION = YES;
				GCC_WARN_UNUSED_VARIABLE = YES;
				IPHONEOS_DEPLOYMENT_TARGET = 26.2;
				LOCALIZATION_PREFERS_STRING_CATALOGS = YES;
				MTL_ENABLE_DEBUG_INFO = NO;
				MTL_FAST_MATH = YES;
				SDKROOT = iphoneos;
				SWIFT_COMPILATION_MODE = wholemodule;
				VALIDATE_PRODUCT = YES;
			};
			name = Release;
		};
		12E5F2F730274DA8004E6173 /* Debug */ = {
			isa = XCBuildConfiguration;
			baseConfigurationReference = 12C0F1A1310000000000B002 /* Debug.xcconfig */;
			buildSettings = {
				ASSETCATALOG_COMPILER_APPICON_NAME = AppIcon;
				ASSETCATALOG_COMPILER_GLOBAL_ACCENT_COLOR_NAME = AccentColor;
				CODE_SIGN_ENTITLEMENTS = ggumirror/ggumirror.entitlements;
				CODE_SIGN_STYLE = Automatic;
				CURRENT_PROJECT_VERSION = 1;
				DEVELOPMENT_TEAM = GQ89YG5G9R;
				ENABLE_PREVIEWS = YES;
				GENERATE_INFOPLIST_FILE = YES;
				INFOPLIST_KEY_CFBundleDisplayName = "꾸미러";
				INFOPLIST_KEY_NSCameraUsageDescription = "거울 화면을 보여주려면 카메라가 필요해요.";
				INFOPLIST_KEY_NSPhotoLibraryAddUsageDescription = "찍은 거울 사진을 사진 앱에 저장하려면 권한이 필요해요.";
				INFOPLIST_KEY_UIApplicationSceneManifest_Generation = YES;
				INFOPLIST_KEY_UIApplicationSupportsIndirectInputEvents = YES;
				INFOPLIST_KEY_UILaunchScreen_Generation = YES;
				INFOPLIST_KEY_UISupportedInterfaceOrientations_iPad = "UIInterfaceOrientationPortrait UIInterfaceOrientationPortraitUpsideDown UIInterfaceOrientationLandscapeLeft UIInterfaceOrientationLandscapeRight";
				INFOPLIST_KEY_UISupportedInterfaceOrientations_iPhone = UIInterfaceOrientationPortrait;
				LD_RUNPATH_SEARCH_PATHS = (
					"$(inherited)",
					"@executable_path/Frameworks",
				);
				MARKETING_VERSION = 1.1.0;
				PRODUCT_BUNDLE_IDENTIFIER = com.mark77234.ggumirror;
				PRODUCT_NAME = "$(TARGET_NAME)";
				STRING_CATALOG_GENERATE_SYMBOLS = YES;
				SWIFT_APPROACHABLE_CONCURRENCY = YES;
				SWIFT_DEFAULT_ACTOR_ISOLATION = MainActor;
				SWIFT_EMIT_LOC_STRINGS = YES;
				SWIFT_UPCOMING_FEATURE_MEMBER_IMPORT_VISIBILITY = YES;
				SWIFT_VERSION = 5.0;
				TARGETED_DEVICE_FAMILY = "1,2";
			};
			name = Debug;
		};
		12E5F2F830274DA8004E6173 /* Release */ = {
			isa = XCBuildConfiguration;
			baseConfigurationReference = 12C0F1A2310000000000B003 /* Release.xcconfig */;
			buildSettings = {
				ASSETCATALOG_COMPILER_APPICON_NAME = AppIcon;
				ASSETCATALOG_COMPILER_GLOBAL_ACCENT_COLOR_NAME = AccentColor;
				CODE_SIGN_ENTITLEMENTS = ggumirror/ggumirror.entitlements;
				CODE_SIGN_STYLE = Automatic;
				CURRENT_PROJECT_VERSION = 1;
				DEVELOPMENT_TEAM = GQ89YG5G9R;
				ENABLE_PREVIEWS = YES;
				GENERATE_INFOPLIST_FILE = YES;
				INFOPLIST_KEY_CFBundleDisplayName = "꾸미러";
				INFOPLIST_KEY_NSCameraUsageDescription = "거울 화면을 보여주려면 카메라가 필요해요.";
				INFOPLIST_KEY_NSPhotoLibraryAddUsageDescription = "찍은 거울 사진을 사진 앱에 저장하려면 권한이 필요해요.";
				INFOPLIST_KEY_UIApplicationSceneManifest_Generation = YES;
				INFOPLIST_KEY_UIApplicationSupportsIndirectInputEvents = YES;
				INFOPLIST_KEY_UILaunchScreen_Generation = YES;
				INFOPLIST_KEY_UISupportedInterfaceOrientations_iPad = "UIInterfaceOrientationPortrait UIInterfaceOrientationPortraitUpsideDown UIInterfaceOrientationLandscapeLeft UIInterfaceOrientationLandscapeRight";
				INFOPLIST_KEY_UISupportedInterfaceOrientations_iPhone = UIInterfaceOrientationPortrait;
				LD_RUNPATH_SEARCH_PATHS = (
					"$(inherited)",
					"@executable_path/Frameworks",
				);
				MARKETING_VERSION = 1.1.0;
				PRODUCT_BUNDLE_IDENTIFIER = com.mark77234.ggumirror;
				PRODUCT_NAME = "$(TARGET_NAME)";
				STRING_CATALOG_GENERATE_SYMBOLS = YES;
				SWIFT_APPROACHABLE_CONCURRENCY = YES;
				SWIFT_DEFAULT_ACTOR_ISOLATION = MainActor;
				SWIFT_EMIT_LOC_STRINGS = YES;
				SWIFT_UPCOMING_FEATURE_MEMBER_IMPORT_VISIBILITY = YES;
				SWIFT_VERSION = 5.0;
				TARGETED_DEVICE_FAMILY = "1,2";
			};
			name = Release;
		};
		12E5F2FA30274DA8004E6173 /* Debug */ = {
			isa = XCBuildConfiguration;
			buildSettings = {
				BUNDLE_LOADER = "$(TEST_HOST)";
				CODE_SIGN_STYLE = Automatic;
				CURRENT_PROJECT_VERSION = 1;
				DEVELOPMENT_TEAM = GQ89YG5G9R;
				GENERATE_INFOPLIST_FILE = YES;
				IPHONEOS_DEPLOYMENT_TARGET = 26.2;
				MARKETING_VERSION = 1.0;
				PRODUCT_BUNDLE_IDENTIFIER = com.mark77234.ggumirrorTests;
				PRODUCT_NAME = "$(TARGET_NAME)";
				STRING_CATALOG_GENERATE_SYMBOLS = NO;
				SWIFT_APPROACHABLE_CONCURRENCY = YES;
				SWIFT_EMIT_LOC_STRINGS = NO;
				SWIFT_UPCOMING_FEATURE_MEMBER_IMPORT_VISIBILITY = YES;
				SWIFT_VERSION = 5.0;
				TARGETED_DEVICE_FAMILY = "1,2";
				TEST_HOST = "$(BUILT_PRODUCTS_DIR)/ggumirror.app/$(BUNDLE_EXECUTABLE_FOLDER_PATH)/ggumirror";
			};
			name = Debug;
		};
		12E5F2FB30274DA8004E6173 /* Release */ = {
			isa = XCBuildConfiguration;
			buildSettings = {
				BUNDLE_LOADER = "$(TEST_HOST)";
				CODE_SIGN_STYLE = Automatic;
				CURRENT_PROJECT_VERSION = 1;
				DEVELOPMENT_TEAM = GQ89YG5G9R;
				GENERATE_INFOPLIST_FILE = YES;
				IPHONEOS_DEPLOYMENT_TARGET = 26.2;
				MARKETING_VERSION = 1.0;
				PRODUCT_BUNDLE_IDENTIFIER = com.mark77234.ggumirrorTests;
				PRODUCT_NAME = "$(TARGET_NAME)";
				STRING_CATALOG_GENERATE_SYMBOLS = NO;
				SWIFT_APPROACHABLE_CONCURRENCY = YES;
				SWIFT_EMIT_LOC_STRINGS = NO;
				SWIFT_UPCOMING_FEATURE_MEMBER_IMPORT_VISIBILITY = YES;
				SWIFT_VERSION = 5.0;
				TARGETED_DEVICE_FAMILY = "1,2";
				TEST_HOST = "$(BUILT_PRODUCTS_DIR)/ggumirror.app/$(BUNDLE_EXECUTABLE_FOLDER_PATH)/ggumirror";
			};
			name = Release;
		};
		12E5F2FD30274DA8004E6173 /* Debug */ = {
			isa = XCBuildConfiguration;
			buildSettings = {
				CODE_SIGN_STYLE = Automatic;
				CURRENT_PROJECT_VERSION = 1;
				DEVELOPMENT_TEAM = GQ89YG5G9R;
				GENERATE_INFOPLIST_FILE = YES;
				MARKETING_VERSION = 1.0;
				PRODUCT_BUNDLE_IDENTIFIER = com.mark77234.ggumirrorUITests;
				PRODUCT_NAME = "$(TARGET_NAME)";
				STRING_CATALOG_GENERATE_SYMBOLS = NO;
				SWIFT_APPROACHABLE_CONCURRENCY = YES;
				SWIFT_EMIT_LOC_STRINGS = NO;
				SWIFT_UPCOMING_FEATURE_MEMBER_IMPORT_VISIBILITY = YES;
				SWIFT_VERSION = 5.0;
				TARGETED_DEVICE_FAMILY = "1,2";
				TEST_TARGET_NAME = ggumirror;
			};
			name = Debug;
		};
		12E5F2FE30274DA8004E6173 /* Release */ = {
			isa = XCBuildConfiguration;
			buildSettings = {
				CODE_SIGN_STYLE = Automatic;
				CURRENT_PROJECT_VERSION = 1;
				DEVELOPMENT_TEAM = GQ89YG5G9R;
				GENERATE_INFOPLIST_FILE = YES;
				MARKETING_VERSION = 1.0;
				PRODUCT_BUNDLE_IDENTIFIER = com.mark77234.ggumirrorUITests;
				PRODUCT_NAME = "$(TARGET_NAME)";
				STRING_CATALOG_GENERATE_SYMBOLS = NO;
				SWIFT_APPROACHABLE_CONCURRENCY = YES;
				SWIFT_EMIT_LOC_STRINGS = NO;
				SWIFT_UPCOMING_FEATURE_MEMBER_IMPORT_VISIBILITY = YES;
				SWIFT_VERSION = 5.0;
				TARGETED_DEVICE_FAMILY = "1,2";
				TEST_TARGET_NAME = ggumirror;
			};
			name = Release;
		};
		12F42EF8302B6FD40007811E /* Debug */ = {
			isa = XCBuildConfiguration;
			buildSettings = {
				CODE_SIGN_STYLE = Automatic;
				CURRENT_PROJECT_VERSION = 1;
				DEVELOPMENT_TEAM = GQ89YG5G9R;
				GENERATE_INFOPLIST_FILE = YES;
				INFOPLIST_FILE = GgumirrorCapture/Info.plist;
				INFOPLIST_KEY_CFBundleDisplayName = "꾸미러 거울";
				INFOPLIST_KEY_NSCameraUsageDescription = "잠금화면에서 거울을 보여주려면 카메라가 필요해요.";
				INFOPLIST_KEY_NSHumanReadableCopyright = "";
				INFOPLIST_KEY_UISupportedInterfaceOrientations_iPhone = UIInterfaceOrientationPortrait;
				LD_RUNPATH_SEARCH_PATHS = (
					"$(inherited)",
					"@executable_path/Frameworks",
					"@executable_path/../../Frameworks",
				);
				MARKETING_VERSION = 1.1.0;
				PRODUCT_BUNDLE_IDENTIFIER = com.mark77234.ggumirror.capture;
				PRODUCT_NAME = "$(TARGET_NAME)";
				SKIP_INSTALL = YES;
				STRING_CATALOG_GENERATE_SYMBOLS = YES;
				SWIFT_APPROACHABLE_CONCURRENCY = YES;
				SWIFT_DEFAULT_ACTOR_ISOLATION = MainActor;
				SWIFT_EMIT_LOC_STRINGS = YES;
				SWIFT_UPCOMING_FEATURE_MEMBER_IMPORT_VISIBILITY = YES;
				SWIFT_VERSION = 5.0;
				TARGETED_DEVICE_FAMILY = "1,2";
			};
			name = Debug;
		};
		12F42EF9302B6FD40007811E /* Release */ = {
			isa = XCBuildConfiguration;
			buildSettings = {
				CODE_SIGN_STYLE = Automatic;
				CURRENT_PROJECT_VERSION = 1;
				DEVELOPMENT_TEAM = GQ89YG5G9R;
				GENERATE_INFOPLIST_FILE = YES;
				INFOPLIST_FILE = GgumirrorCapture/Info.plist;
				INFOPLIST_KEY_CFBundleDisplayName = "꾸미러 거울";
				INFOPLIST_KEY_NSCameraUsageDescription = "잠금화면에서 거울을 보여주려면 카메라가 필요해요.";
				INFOPLIST_KEY_NSHumanReadableCopyright = "";
				INFOPLIST_KEY_UISupportedInterfaceOrientations_iPhone = UIInterfaceOrientationPortrait;
				LD_RUNPATH_SEARCH_PATHS = (
					"$(inherited)",
					"@executable_path/Frameworks",
					"@executable_path/../../Frameworks",
				);
				MARKETING_VERSION = 1.1.0;
				PRODUCT_BUNDLE_IDENTIFIER = com.mark77234.ggumirror.capture;
				PRODUCT_NAME = "$(TARGET_NAME)";
				SKIP_INSTALL = YES;
				STRING_CATALOG_GENERATE_SYMBOLS = YES;
				SWIFT_APPROACHABLE_CONCURRENCY = YES;
				SWIFT_DEFAULT_ACTOR_ISOLATION = MainActor;
				SWIFT_EMIT_LOC_STRINGS = YES;
				SWIFT_UPCOMING_FEATURE_MEMBER_IMPORT_VISIBILITY = YES;
				SWIFT_VERSION = 5.0;
				TARGETED_DEVICE_FAMILY = "1,2";
			};
			name = Release;
		};
/* End XCBuildConfiguration section */

/* Begin XCConfigurationList section */
		12C1A003310000000000C004 /* Build configuration list for PBXNativeTarget "GgumirrorControls" */ = {
			isa = XCConfigurationList;
			buildConfigurations = (
				12C1A004310000000000C005 /* Debug */,
				12C1A005310000000000C006 /* Release */,
			);
			defaultConfigurationIsVisible = 0;
			defaultConfigurationName = Release;
		};
		12E5F2CE30274DA6004E6173 /* Build configuration list for PBXProject "ggumirror" */ = {
			isa = XCConfigurationList;
			buildConfigurations = (
				12E5F2F430274DA8004E6173 /* Debug */,
				12E5F2F530274DA8004E6173 /* Release */,
			);
			defaultConfigurationIsVisible = 0;
			defaultConfigurationName = Release;
		};
		12E5F2F630274DA8004E6173 /* Build configuration list for PBXNativeTarget "ggumirror" */ = {
			isa = XCConfigurationList;
			buildConfigurations = (
				12E5F2F730274DA8004E6173 /* Debug */,
				12E5F2F830274DA8004E6173 /* Release */,
			);
			defaultConfigurationIsVisible = 0;
			defaultConfigurationName = Release;
		};
		12E5F2F930274DA8004E6173 /* Build configuration list for PBXNativeTarget "ggumirrorTests" */ = {
			isa = XCConfigurationList;
			buildConfigurations = (
				12E5F2FA30274DA8004E6173 /* Debug */,
				12E5F2FB30274DA8004E6173 /* Release */,
			);
			defaultConfigurationIsVisible = 0;
			defaultConfigurationName = Release;
		};
		12E5F2FC30274DA8004E6173 /* Build configuration list for PBXNativeTarget "ggumirrorUITests" */ = {
			isa = XCConfigurationList;
			buildConfigurations = (
				12E5F2FD30274DA8004E6173 /* Debug */,
				12E5F2FE30274DA8004E6173 /* Release */,
			);
			defaultConfigurationIsVisible = 0;
			defaultConfigurationName = Release;
		};
		12F42EF7302B6FD40007811E /* Build configuration list for PBXNativeTarget "GgumirrorCapture" */ = {
			isa = XCConfigurationList;
			buildConfigurations = (
				12F42EF8302B6FD40007811E /* Debug */,
				12F42EF9302B6FD40007811E /* Release */,
			);
			defaultConfigurationIsVisible = 0;
			defaultConfigurationName = Release;
		};
/* End XCConfigurationList section */

/* Begin XCRemoteSwiftPackageReference section */
		12A0B001320000000000A001 /* XCRemoteSwiftPackageReference "swift-package-manager-google-mobile-ads" */ = {
			isa = XCRemoteSwiftPackageReference;
			repositoryURL = "https://github.com/googleads/swift-package-manager-google-mobile-ads.git";
			requirement = {
				kind = upToNextMajorVersion;
				minimumVersion = 13.7.0;
			};
		};
/* End XCRemoteSwiftPackageReference section */

/* Begin XCSwiftPackageProductDependency section */
		12A0B002320000000000A002 /* GoogleMobileAds */ = {
			isa = XCSwiftPackageProductDependency;
			package = 12A0B001320000000000A001 /* XCRemoteSwiftPackageReference "swift-package-manager-google-mobile-ads" */;
			productName = GoogleMobileAds;
		};
/* End XCSwiftPackageProductDependency section */
	};
	rootObject = 12E5F2CB30274DA6004E6173 /* Project object */;
}
