// !$*UTF8*$!
{
	archiveVersion = 1;
	classes = {
	};
	objectVersion = 77;
	objects = {

/* Begin PBXContainerItemProxy section */
		12E5F2E330274DA8004E6173 /* PBXContainerItemProxy */ = {
			isa = PBXContainerItemProxy;
			containerPortal = 12E5F2CB30274DA6004E6173 /* Project object */;
			proxyType = 1;
			remoteGlobalIDString = 12E5F2D230274DA6004E6173;
			remoteInfo = ggumirror;
		};
		12E5F2ED30274DA8004E6173 /* PBXContainerItemProxy */ = {
			isa = PBXContainerItemProxy;
			containerPortal = 12E5F2CB30274DA6004E6173 /* Project object */;
			proxyType = 1;
			remoteGlobalIDString = 12E5F2D230274DA6004E6173;
			remoteInfo = ggumirror;
		};
/* End PBXContainerItemProxy section */

/* Begin PBXFileReference section */
		12E5F2D330274DA6004E6173 /* ggumirror.app */ = {isa = PBXFileReference; explicitFileType = wrapper.application; includeInIndex = 0; path = ggumirror.app; sourceTree = BUILT_PRODUCTS_DIR; };
		12E5F2E230274DA8004E6173 /* ggumirrorTests.xctest */ = {isa = PBXFileReference; explicitFileType = wrapper.cfbundle; includeInIndex = 0; path = ggumirrorTests.xctest; sourceTree = BUILT_PRODUCTS_DIR; };
		12E5F2EC30274DA8004E6173 /* ggumirrorUITests.xctest */ = {isa = PBXFileReference; explicitFileType = wrapper.cfbundle; includeInIndex = 0; path = ggumirrorUITests.xctest; sourceTree = BUILT_PRODUCTS_DIR; };
/* End PBXFileReference section */

/* Begin PBXFileSystemSynchronizedBuildFileExceptionSet section */
		12A174DD302A157200B79A16 /* Exceptions for "ggumirror" folder in "ggumirrorTests" target */ = {
			isa = PBXFileSystemSynchronizedBuildFileExceptionSet;
			membershipExceptions = (
				"Resources/Fonts/Gaegu-Bold.ttf",
				"Resources/Fonts/Gaegu-Light.ttf",
				"Resources/Fonts/Gaegu-Regular.ttf",
				"Resources/Fonts/GamjaFlower-Regular.ttf",
				"Resources/Fonts/HiMelody-Regular.ttf",
				"Resources/Fonts/Jua-Regular.ttf",
				"Resources/Fonts/NanumBrushScript-Regular.ttf",
				"Resources/Fonts/NanumPenScript-Regular.ttf",
				"Resources/Fonts/PoorStory-Regular.ttf",
				"Resources/Fonts/SingleDay-Regular.ttf",
			);
			target = 12E5F2E130274DA8004E6173 /* ggumirrorTests */;
		};
		12A174DE302A157200B79A16 /* Exceptions for "ggumirror" folder in "ggumirrorUITests" target */ = {
			isa = PBXFileSystemSynchronizedBuildFileExceptionSet;
			membershipExceptions = (
				"Resources/Fonts/Gaegu-Bold.ttf",
				"Resources/Fonts/Gaegu-Light.ttf",
				"Resources/Fonts/Gaegu-Regular.ttf",
				"Resources/Fonts/GamjaFlower-Regular.ttf",
				"Resources/Fonts/HiMelody-Regular.ttf",
				"Resources/Fonts/Jua-Regular.ttf",
				"Resources/Fonts/NanumBrushScript-Regular.ttf",
				"Resources/Fonts/NanumPenScript-Regular.ttf",
				"Resources/Fonts/PoorStory-Regular.ttf",
				"Resources/Fonts/SingleDay-Regular.ttf",
			);
			target = 12E5F2EB30274DA8004E6173 /* ggumirrorUITests */;
		};
/* End PBXFileSystemSynchronizedBuildFileExceptionSet section */

/* Begin PBXFileSystemSynchronizedRootGroup section */
		12E5F2D530274DA6004E6173 /* ggumirror */ = {
			isa = PBXFileSystemSynchronizedRootGroup;
			exceptions = (
				12A174DD302A157200B79A16 /* Exceptions for "ggumirror" folder in "ggumirrorTests" target */,
				12A174DE302A157200B79A16 /* Exceptions for "ggumirror" folder in "ggumirrorUITests" target */,
			);
			path = ggumirror;
			sourceTree = "<group>";
		};
		12E5F2E530274DA8004E6173 /* ggumirrorTests */ = {
			isa = PBXFileSystemSynchronizedRootGroup;
			path = ggumirrorTests;
			sourceTree = "<group>";
		};
		12E5F2EF30274DA8004E6173 /* ggumirrorUITests */ = {
			isa = PBXFileSystemSynchronizedRootGroup;
			path = ggumirrorUITests;
			sourceTree = "<group>";
		};
/* End PBXFileSystemSynchronizedRootGroup section */

/* Begin PBXFrameworksBuildPhase section */
		12E5F2D030274DA6004E6173 /* Frameworks */ = {
			isa = PBXFrameworksBuildPhase;
			buildActionMask = 2147483647;
			files = (
			);
			runOnlyForDeploymentPostprocessing = 0;
		};
		12E5F2DF30274DA8004E6173 /* Frameworks */ = {
			isa = PBXFrameworksBuildPhase;
			buildActionMask = 2147483647;
			files = (
			);
			runOnlyForDeploymentPostprocessing = 0;
		};
		12E5F2E930274DA8004E6173 /* Frameworks */ = {
			isa = PBXFrameworksBuildPhase;
			buildActionMask = 2147483647;
			files = (
			);
			runOnlyForDeploymentPostprocessing = 0;
		};
/* End PBXFrameworksBuildPhase section */

/* Begin PBXGroup section */
		12E5F2CA30274DA6004E6173 = {
			isa = PBXGroup;
			children = (
				12E5F2D530274DA6004E6173 /* ggumirror */,
				12E5F2E530274DA8004E6173 /* ggumirrorTests */,
				12E5F2EF30274DA8004E6173 /* ggumirrorUITests */,
				12E5F2D430274DA6004E6173 /* Products */,
			);
			sourceTree = "<group>";
		};
		12E5F2D430274DA6004E6173 /* Products */ = {
			isa = PBXGroup;
			children = (
				12E5F2D330274DA6004E6173 /* ggumirror.app */,
				12E5F2E230274DA8004E6173 /* ggumirrorTests.xctest */,
				12E5F2EC30274DA8004E6173 /* ggumirrorUITests.xctest */,
			);
			name = Products;
			sourceTree = "<group>";
		};
/* End PBXGroup section */

/* Begin PBXNativeTarget section */
		12E5F2D230274DA6004E6173 /* ggumirror */ = {
			isa = PBXNativeTarget;
			buildConfigurationList = 12E5F2F630274DA8004E6173 /* Build configuration list for PBXNativeTarget "ggumirror" */;
			buildPhases = (
				12E5F2CF30274DA6004E6173 /* Sources */,
				12E5F2D030274DA6004E6173 /* Frameworks */,
				12E5F2D130274DA6004E6173 /* Resources */,
			);
			buildRules = (
			);
			dependencies = (
			);
			fileSystemSynchronizedGroups = (
				12E5F2D530274DA6004E6173 /* ggumirror */,
			);
			name = ggumirror;
			packageProductDependencies = (
			);
			productName = ggumirror;
			productReference = 12E5F2D330274DA6004E6173 /* ggumirror.app */;
			productType = "com.apple.product-type.application";
		};
		12E5F2E130274DA8004E6173 /* ggumirrorTests */ = {
			isa = PBXNativeTarget;
			buildConfigurationList = 12E5F2F930274DA8004E6173 /* Build configuration list for PBXNativeTarget "ggumirrorTests" */;
			buildPhases = (
				12E5F2DE30274DA8004E6173 /* Sources */,
				12E5F2DF30274DA8004E6173 /* Frameworks */,
				12E5F2E030274DA8004E6173 /* Resources */,
			);
			buildRules = (
			);
			dependencies = (
				12E5F2E430274DA8004E6173 /* PBXTargetDependency */,
			);
			fileSystemSynchronizedGroups = (
				12E5F2E530274DA8004E6173 /* ggumirrorTests */,
			);
			name = ggumirrorTests;
			packageProductDependencies = (
			);
			productName = ggumirrorTests;
			productReference = 12E5F2E230274DA8004E6173 /* ggumirrorTests.xctest */;
			productType = "com.apple.product-type.bundle.unit-test";
		};
		12E5F2EB30274DA8004E6173 /* ggumirrorUITests */ = {
			isa = PBXNativeTarget;
			buildConfigurationList = 12E5F2FC30274DA8004E6173 /* Build configuration list for PBXNativeTarget "ggumirrorUITests" */;
			buildPhases = (
				12E5F2E830274DA8004E6173 /* Sources */,
				12E5F2E930274DA8004E6173 /* Frameworks */,
				12E5F2EA30274DA8004E6173 /* Resources */,
			);
			buildRules = (
			);
			dependencies = (
				12E5F2EE30274DA8004E6173 /* PBXTargetDependency */,
			);
			fileSystemSynchronizedGroups = (
				12E5F2EF30274DA8004E6173 /* ggumirrorUITests */,
			);
			name = ggumirrorUITests;
			packageProductDependencies = (
			);
			productName = ggumirrorUITests;
			productReference = 12E5F2EC30274DA8004E6173 /* ggumirrorUITests.xctest */;
			productType = "com.apple.product-type.bundle.ui-testing";
		};
/* End PBXNativeTarget section */

/* Begin PBXProject section */
		12E5F2CB30274DA6004E6173 /* Project object */ = {
			isa = PBXProject;
			attributes = {
				BuildIndependentTargetsInParallel = 1;
				LastSwiftUpdateCheck = 2620;
				LastUpgradeCheck = 2620;
				TargetAttributes = {
					12E5F2D230274DA6004E6173 = {
						CreatedOnToolsVersion = 26.2;
					};
					12E5F2E130274DA8004E6173 = {
						CreatedOnToolsVersion = 26.2;
						TestTargetID = 12E5F2D230274DA6004E6173;
					};
					12E5F2EB30274DA8004E6173 = {
						CreatedOnToolsVersion = 26.2;
						TestTargetID = 12E5F2D230274DA6004E6173;
					};
				};
			};
			buildConfigurationList = 12E5F2CE30274DA6004E6173 /* Build configuration list for PBXProject "ggumirror" */;
			developmentRegion = en;
			hasScannedForEncodings = 0;
			knownRegions = (
				en,
				Base,
			);
			mainGroup = 12E5F2CA30274DA6004E6173;
			minimizedProjectReferenceProxies = 1;
			preferredProjectObjectVersion = 77;
			productRefGroup = 12E5F2D430274DA6004E6173 /* Products */;
			projectDirPath = "";
			projectRoot = "";
			targets = (
				12E5F2D230274DA6004E6173 /* ggumirror */,
				12E5F2E130274DA8004E6173 /* ggumirrorTests */,
				12E5F2EB30274DA8004E6173 /* ggumirrorUITests */,
			);
		};
/* End PBXProject section */

/* Begin PBXResourcesBuildPhase section */
		12E5F2D130274DA6004E6173 /* Resources */ = {
			isa = PBXResourcesBuildPhase;
			buildActionMask = 2147483647;
			files = (
			);
			runOnlyForDeploymentPostprocessing = 0;
		};
		12E5F2E030274DA8004E6173 /* Resources */ = {
			isa = PBXResourcesBuildPhase;
			buildActionMask = 2147483647;
			files = (
			);
			runOnlyForDeploymentPostprocessing = 0;
		};
		12E5F2EA30274DA8004E6173 /* Resources */ = {
			isa = PBXResourcesBuildPhase;
			buildActionMask = 2147483647;
			files = (
			);
			runOnlyForDeploymentPostprocessing = 0;
		};
/* End PBXResourcesBuildPhase section */

/* Begin PBXSourcesBuildPhase section */
		12E5F2CF30274DA6004E6173 /* Sources */ = {
			isa = PBXSourcesBuildPhase;
			buildActionMask = 2147483647;
			files = (
			);
			runOnlyForDeploymentPostprocessing = 0;
		};
		12E5F2DE30274DA8004E6173 /* Sources */ = {
			isa = PBXSourcesBuildPhase;
			buildActionMask = 2147483647;
			files = (
			);
			runOnlyForDeploymentPostprocessing = 0;
		};
		12E5F2E830274DA8004E6173 /* Sources */ = {
			isa = PBXSourcesBuildPhase;
			buildActionMask = 2147483647;
			files = (
			);
			runOnlyForDeploymentPostprocessing = 0;
		};
/* End PBXSourcesBuildPhase section */

/* Begin PBXTargetDependency section */
		12E5F2E430274DA8004E6173 /* PBXTargetDependency */ = {
			isa = PBXTargetDependency;
			target = 12E5F2D230274DA6004E6173 /* ggumirror */;
			targetProxy = 12E5F2E330274DA8004E6173 /* PBXContainerItemProxy */;
		};
		12E5F2EE30274DA8004E6173 /* PBXTargetDependency */ = {
			isa = PBXTargetDependency;
			target = 12E5F2D230274DA6004E6173 /* ggumirror */;
			targetProxy = 12E5F2ED30274DA8004E6173 /* PBXContainerItemProxy */;
		};
/* End PBXTargetDependency section */

/* Begin XCBuildConfiguration section */
		12E5F2F430274DA8004E6173 /* Debug */ = {
			isa = XCBuildConfiguration;
			buildSettings = {
				ALWAYS_SEARCH_USER_PATHS = NO;
				ASSETCATALOG_COMPILER_GENERATE_SWIFT_ASSET_SYMBOL_EXTENSIONS = YES;
				CLANG_ANALYZER_NONNULL = YES;
				CLANG_ANALYZER_NUMBER_OBJECT_CONVERSION = YES_AGGRESSIVE;
				CLANG_CXX_LANGUAGE_STANDARD = "gnu++20";
				CLANG_ENABLE_MODULES = YES;
				CLANG_ENABLE_OBJC_ARC = YES;
				CLANG_ENABLE_OBJC_WEAK = YES;
				CLANG_WARN_BLOCK_CAPTURE_AUTORELEASING = YES;
				CLANG_WARN_BOOL_CONVERSION = YES;
				CLANG_WARN_COMMA = YES;
				CLANG_WARN_CONSTANT_CONVERSION = YES;
				CLANG_WARN_DEPRECATED_OBJC_IMPLEMENTATIONS = YES;
				CLANG_WARN_DIRECT_OBJC_ISA_USAGE = YES_ERROR;
				CLANG_WARN_DOCUMENTATION_COMMENTS = YES;
				CLANG_WARN_EMPTY_BODY = YES;
				CLANG_WARN_ENUM_CONVERSION = YES;
				CLANG_WARN_INFINITE_RECURSION = YES;
				CLANG_WARN_INT_CONVERSION = YES;
				CLANG_WARN_NON_LITERAL_NULL_CONVERSION = YES;
				CLANG_WARN_OBJC_IMPLICIT_RETAIN_SELF = YES;
				CLANG_WARN_OBJC_LITERAL_CONVERSION = YES;
				CLANG_WARN_OBJC_ROOT_CLASS = YES_ERROR;
				CLANG_WARN_QUOTED_INCLUDE_IN_FRAMEWORK_HEADER = YES;
				CLANG_WARN_RANGE_LOOP_ANALYSIS = YES;
				CLANG_WARN_STRICT_PROTOTYPES = YES;
				CLANG_WARN_SUSPICIOUS_MOVE = YES;
				CLANG_WARN_UNGUARDED_AVAILABILITY = YES_AGGRESSIVE;
				CLANG_WARN_UNREACHABLE_CODE = YES;
				CLANG_WARN__DUPLICATE_METHOD_MATCH = YES;
				COPY_PHASE_STRIP = NO;
				DEBUG_INFORMATION_FORMAT = dwarf;
				DEVELOPMENT_TEAM = GQ89YG5G9R;
				ENABLE_STRICT_OBJC_MSGSEND = YES;
				ENABLE_TESTABILITY = YES;
				ENABLE_USER_SCRIPT_SANDBOXING = YES;
				GCC_C_LANGUAGE_STANDARD = gnu17;
				GCC_DYNAMIC_NO_PIC = NO;
				GCC_NO_COMMON_BLOCKS = YES;
				GCC_OPTIMIZATION_LEVEL = 0;
				GCC_PREPROCESSOR_DEFINITIONS = (
					"DEBUG=1",
					"$(inherited)",
				);
				GCC_WARN_64_TO_32_BIT_CONVERSION = YES;
				GCC_WARN_ABOUT_RETURN_TYPE = YES_ERROR;
				GCC_WARN_UNDECLARED_SELECTOR = YES;
				GCC_WARN_UNINITIALIZED_AUTOS = YES_AGGRESSIVE;
				GCC_WARN_UNUSED_FUNCTION = YES;
				GCC_WARN_UNUSED_VARIABLE = YES;
				IPHONEOS_DEPLOYMENT_TARGET = 26.2;
				LOCALIZATION_PREFERS_STRING_CATALOGS = YES;
				MTL_ENABLE_DEBUG_INFO = INCLUDE_SOURCE;
				MTL_FAST_MATH = YES;
				ONLY_ACTIVE_ARCH = YES;
				SDKROOT = iphoneos;
				SWIFT_ACTIVE_COMPILATION_CONDITIONS = "DEBUG $(inherited)";
				SWIFT_OPTIMIZATION_LEVEL = "-Onone";
			};
			name = Debug;
		};
		12E5F2F530274DA8004E6173 /* Release */ = {
			isa = XCBuildConfiguration;
			buildSettings = {
				ALWAYS_SEARCH_USER_PATHS = NO;
				ASSETCATALOG_COMPILER_GENERATE_SWIFT_ASSET_SYMBOL_EXTENSIONS = YES;
				CLANG_ANALYZER_NONNULL = YES;
				CLANG_ANALYZER_NUMBER_OBJECT_CONVERSION = YES_AGGRESSIVE;
				CLANG_CXX_LANGUAGE_STANDARD = "gnu++20";
				CLANG_ENABLE_MODULES = YES;
				CLANG_ENABLE_OBJC_ARC = YES;
				CLANG_ENABLE_OBJC_WEAK = YES;
				CLANG_WARN_BLOCK_CAPTURE_AUTORELEASING = YES;
				CLANG_WARN_BOOL_CONVERSION = YES;
				CLANG_WARN_COMMA = YES;
				CLANG_WARN_CONSTANT_CONVERSION = YES;
				CLANG_WARN_DEPRECATED_OBJC_IMPLEMENTATIONS = YES;
				CLANG_WARN_DIRECT_OBJC_ISA_USAGE = YES_ERROR;
				CLANG_WARN_DOCUMENTATION_COMMENTS = YES;
				CLANG_WARN_EMPTY_BODY = YES;
				CLANG_WARN_ENUM_CONVERSION = YES;
				CLANG_WARN_INFINITE_RECURSION = YES;
				CLANG_WARN_INT_CONVERSION = YES;
				CLANG_WARN_NON_LITERAL_NULL_CONVERSION = YES;
				CLANG_WARN_OBJC_IMPLICIT_RETAIN_SELF = YES;
				CLANG_WARN_OBJC_LITERAL_CONVERSION = YES;
				CLANG_WARN_OBJC_ROOT_CLASS = YES_ERROR;
				CLANG_WARN_QUOTED_INCLUDE_IN_FRAMEWORK_HEADER = YES;
				CLANG_WARN_RANGE_LOOP_ANALYSIS = YES;
				CLANG_WARN_STRICT_PROTOTYPES = YES;
				CLANG_WARN_SUSPICIOUS_MOVE = YES;
				CLANG_WARN_UNGUARDED_AVAILABILITY = YES_AGGRESSIVE;
				CLANG_WARN_UNREACHABLE_CODE = YES;
				CLANG_WARN__DUPLICATE_METHOD_MATCH = YES;
				COPY_PHASE_STRIP = NO;
				DEBUG_INFORMATION_FORMAT = "dwarf-with-dsym";
				DEVELOPMENT_TEAM = GQ89YG5G9R;
				ENABLE_NS_ASSERTIONS = NO;
				ENABLE_STRICT_OBJC_MSGSEND = YES;
				ENABLE_USER_SCRIPT_SANDBOXING = YES;
				GCC_C_LANGUAGE_STANDARD = gnu17;
				GCC_NO_COMMON_BLOCKS = YES;
				GCC_WARN_64_TO_32_BIT_CONVERSION = YES;
				GCC_WARN_ABOUT_RETURN_TYPE = YES_ERROR;
				GCC_WARN_UNDECLARED_SELECTOR = YES;
				GCC_WARN_UNINITIALIZED_AUTOS = YES_AGGRESSIVE;
				GCC_WARN_UNUSED_FUNCTION = YES;
				GCC_WARN_UNUSED_VARIABLE = YES;
				IPHONEOS_DEPLOYMENT_TARGET = 26.2;
				LOCALIZATION_PREFERS_STRING_CATALOGS = YES;
				MTL_ENABLE_DEBUG_INFO = NO;
				MTL_FAST_MATH = YES;
				SDKROOT = iphoneos;
				SWIFT_COMPILATION_MODE = wholemodule;
				VALIDATE_PRODUCT = YES;
			};
			name = Release;
		};
		12E5F2F730274DA8004E6173 /* Debug */ = {
			isa = XCBuildConfiguration;
			buildSettings = {
				ASSETCATALOG_COMPILER_APPICON_NAME = AppIcon;
				ASSETCATALOG_COMPILER_GLOBAL_ACCENT_COLOR_NAME = AccentColor;
				CODE_SIGN_ENTITLEMENTS = ggumirror/ggumirror.entitlements;
				CODE_SIGN_STYLE = Automatic;
				CURRENT_PROJECT_VERSION = 2;
				DEVELOPMENT_TEAM = GQ89YG5G9R;
				ENABLE_PREVIEWS = YES;
				GENERATE_INFOPLIST_FILE = YES;
				INFOPLIST_KEY_CFBundleDisplayName = "꾸미러";
				INFOPLIST_KEY_NSCameraUsageDescription = "거울 화면을 보여주려면 카메라가 필요해요.";
				INFOPLIST_KEY_NSPhotoLibraryAddUsageDescription = "찍은 거울 사진을 사진 앱에 저장하려면 권한이 필요해요.";
				INFOPLIST_KEY_UIApplicationSceneManifest_Generation = YES;
				INFOPLIST_KEY_UIApplicationSupportsIndirectInputEvents = YES;
				INFOPLIST_KEY_UILaunchScreen_Generation = YES;
				INFOPLIST_KEY_UISupportedInterfaceOrientations_iPad = "UIInterfaceOrientationPortrait UIInterfaceOrientationPortraitUpsideDown UIInterfaceOrientationLandscapeLeft UIInterfaceOrientationLandscapeRight";
				INFOPLIST_KEY_UISupportedInterfaceOrientations_iPhone = UIInterfaceOrientationPortrait;
				LD_RUNPATH_SEARCH_PATHS = (
					"$(inherited)",
					"@executable_path/Frameworks",
				);
				MARKETING_VERSION = 1.0.1;
				PRODUCT_BUNDLE_IDENTIFIER = com.mark77234.ggumirror;
				PRODUCT_NAME = "$(TARGET_NAME)";
				STRING_CATALOG_GENERATE_SYMBOLS = YES;
				SWIFT_APPROACHABLE_CONCURRENCY = YES;
				SWIFT_DEFAULT_ACTOR_ISOLATION = MainActor;
				SWIFT_EMIT_LOC_STRINGS = YES;
				SWIFT_UPCOMING_FEATURE_MEMBER_IMPORT_VISIBILITY = YES;
				SWIFT_VERSION = 5.0;
				TARGETED_DEVICE_FAMILY = "1,2";
			};
			name = Debug;
		};
		12E5F2F830274DA8004E6173 /* Release */ = {
			isa = XCBuildConfiguration;
			buildSettings = {
				ASSETCATALOG_COMPILER_APPICON_NAME = AppIcon;
				ASSETCATALOG_COMPILER_GLOBAL_ACCENT_COLOR_NAME = AccentColor;
				CODE_SIGN_ENTITLEMENTS = ggumirror/ggumirror.entitlements;
				CODE_SIGN_STYLE = Automatic;
				CURRENT_PROJECT_VERSION = 2;
				DEVELOPMENT_TEAM = GQ89YG5G9R;
				ENABLE_PREVIEWS = YES;
				GENERATE_INFOPLIST_FILE = YES;
				INFOPLIST_KEY_CFBundleDisplayName = "꾸미러";
				INFOPLIST_KEY_NSCameraUsageDescription = "거울 화면을 보여주려면 카메라가 필요해요.";
				INFOPLIST_KEY_NSPhotoLibraryAddUsageDescription = "찍은 거울 사진을 사진 앱에 저장하려면 권한이 필요해요.";
				INFOPLIST_KEY_UIApplicationSceneManifest_Generation = YES;
				INFOPLIST_KEY_UIApplicationSupportsIndirectInputEvents = YES;
				INFOPLIST_KEY_UILaunchScreen_Generation = YES;
				INFOPLIST_KEY_UISupportedInterfaceOrientations_iPad = "UIInterfaceOrientationPortrait UIInterfaceOrientationPortraitUpsideDown UIInterfaceOrientationLandscapeLeft UIInterfaceOrientationLandscapeRight";
				INFOPLIST_KEY_UISupportedInterfaceOrientations_iPhone = UIInterfaceOrientationPortrait;
				LD_RUNPATH_SEARCH_PATHS = (
					"$(inherited)",
					"@executable_path/Frameworks",
				);
				MARKETING_VERSION = 1.0.1;
				PRODUCT_BUNDLE_IDENTIFIER = com.mark77234.ggumirror;
				PRODUCT_NAME = "$(TARGET_NAME)";
				STRING_CATALOG_GENERATE_SYMBOLS = YES;
				SWIFT_APPROACHABLE_CONCURRENCY = YES;
				SWIFT_DEFAULT_ACTOR_ISOLATION = MainActor;
				SWIFT_EMIT_LOC_STRINGS = YES;
				SWIFT_UPCOMING_FEATURE_MEMBER_IMPORT_VISIBILITY = YES;
				SWIFT_VERSION = 5.0;
				TARGETED_DEVICE_FAMILY = "1,2";
			};
			name = Release;
		};
		12E5F2FA30274DA8004E6173 /* Debug */ = {
			isa = XCBuildConfiguration;
			buildSettings = {
				BUNDLE_LOADER = "$(TEST_HOST)";
				CODE_SIGN_STYLE = Automatic;
				CURRENT_PROJECT_VERSION = 1;
				DEVELOPMENT_TEAM = GQ89YG5G9R;
				GENERATE_INFOPLIST_FILE = YES;
				IPHONEOS_DEPLOYMENT_TARGET = 26.2;
				MARKETING_VERSION = 1.0;
				PRODUCT_BUNDLE_IDENTIFIER = com.mark77234.ggumirrorTests;
				PRODUCT_NAME = "$(TARGET_NAME)";
				STRING_CATALOG_GENERATE_SYMBOLS = NO;
				SWIFT_APPROACHABLE_CONCURRENCY = YES;
				SWIFT_EMIT_LOC_STRINGS = NO;
				SWIFT_UPCOMING_FEATURE_MEMBER_IMPORT_VISIBILITY = YES;
				SWIFT_VERSION = 5.0;
				TARGETED_DEVICE_FAMILY = "1,2";
				TEST_HOST = "$(BUILT_PRODUCTS_DIR)/ggumirror.app/$(BUNDLE_EXECUTABLE_FOLDER_PATH)/ggumirror";
			};
			name = Debug;
		};
		12E5F2FB30274DA8004E6173 /* Release */ = {
			isa = XCBuildConfiguration;
			buildSettings = {
				BUNDLE_LOADER = "$(TEST_HOST)";
				CODE_SIGN_STYLE = Automatic;
				CURRENT_PROJECT_VERSION = 1;
				DEVELOPMENT_TEAM = GQ89YG5G9R;
				GENERATE_INFOPLIST_FILE = YES;
				IPHONEOS_DEPLOYMENT_TARGET = 26.2;
				MARKETING_VERSION = 1.0;
				PRODUCT_BUNDLE_IDENTIFIER = com.mark77234.ggumirrorTests;
				PRODUCT_NAME = "$(TARGET_NAME)";
				STRING_CATALOG_GENERATE_SYMBOLS = NO;
				SWIFT_APPROACHABLE_CONCURRENCY = YES;
				SWIFT_EMIT_LOC_STRINGS = NO;
				SWIFT_UPCOMING_FEATURE_MEMBER_IMPORT_VISIBILITY = YES;
				SWIFT_VERSION = 5.0;
				TARGETED_DEVICE_FAMILY = "1,2";
				TEST_HOST = "$(BUILT_PRODUCTS_DIR)/ggumirror.app/$(BUNDLE_EXECUTABLE_FOLDER_PATH)/ggumirror";
			};
			name = Release;
		};
		12E5F2FD30274DA8004E6173 /* Debug */ = {
			isa = XCBuildConfiguration;
			buildSettings = {
				CODE_SIGN_STYLE = Automatic;
				CURRENT_PROJECT_VERSION = 1;
				DEVELOPMENT_TEAM = GQ89YG5G9R;
				GENERATE_INFOPLIST_FILE = YES;
				MARKETING_VERSION = 1.0;
				PRODUCT_BUNDLE_IDENTIFIER = com.mark77234.ggumirrorUITests;
				PRODUCT_NAME = "$(TARGET_NAME)";
				STRING_CATALOG_GENERATE_SYMBOLS = NO;
				SWIFT_APPROACHABLE_CONCURRENCY = YES;
				SWIFT_EMIT_LOC_STRINGS = NO;
				SWIFT_UPCOMING_FEATURE_MEMBER_IMPORT_VISIBILITY = YES;
				SWIFT_VERSION = 5.0;
				TARGETED_DEVICE_FAMILY = "1,2";
				TEST_TARGET_NAME = ggumirror;
			};
			name = Debug;
		};
		12E5F2FE30274DA8004E6173 /* Release */ = {
			isa = XCBuildConfiguration;
			buildSettings = {
				CODE_SIGN_STYLE = Automatic;
				CURRENT_PROJECT_VERSION = 1;
				DEVELOPMENT_TEAM = GQ89YG5G9R;
				GENERATE_INFOPLIST_FILE = YES;
				MARKETING_VERSION = 1.0;
				PRODUCT_BUNDLE_IDENTIFIER = com.mark77234.ggumirrorUITests;
				PRODUCT_NAME = "$(TARGET_NAME)";
				STRING_CATALOG_GENERATE_SYMBOLS = NO;
				SWIFT_APPROACHABLE_CONCURRENCY = YES;
				SWIFT_EMIT_LOC_STRINGS = NO;
				SWIFT_UPCOMING_FEATURE_MEMBER_IMPORT_VISIBILITY = YES;
				SWIFT_VERSION = 5.0;
				TARGETED_DEVICE_FAMILY = "1,2";
				TEST_TARGET_NAME = ggumirror;
			};
			name = Release;
		};
/* End XCBuildConfiguration section */

/* Begin XCConfigurationList section */
		12E5F2CE30274DA6004E6173 /* Build configuration list for PBXProject "ggumirror" */ = {
			isa = XCConfigurationList;
			buildConfigurations = (
				12E5F2F430274DA8004E6173 /* Debug */,
				12E5F2F530274DA8004E6173 /* Release */,
			);
			defaultConfigurationIsVisible = 0;
			defaultConfigurationName = Release;
		};
		12E5F2F630274DA8004E6173 /* Build configuration list for PBXNativeTarget "ggumirror" */ = {
			isa = XCConfigurationList;
			buildConfigurations = (
				12E5F2F730274DA8004E6173 /* Debug */,
				12E5F2F830274DA8004E6173 /* Release */,
			);
			defaultConfigurationIsVisible = 0;
			defaultConfigurationName = Release;
		};
		12E5F2F930274DA8004E6173 /* Build configuration list for PBXNativeTarget "ggumirrorTests" */ = {
			isa = XCConfigurationList;
			buildConfigurations = (
				12E5F2FA30274DA8004E6173 /* Debug */,
				12E5F2FB30274DA8004E6173 /* Release */,
			);
			defaultConfigurationIsVisible = 0;
			defaultConfigurationName = Release;
		};
		12E5F2FC30274DA8004E6173 /* Build configuration list for PBXNativeTarget "ggumirrorUITests" */ = {
			isa = XCConfigurationList;
			buildConfigurations = (
				12E5F2FD30274DA8004E6173 /* Debug */,
				12E5F2FE30274DA8004E6173 /* Release */,
			);
			defaultConfigurationIsVisible = 0;
			defaultConfigurationName = Release;
		};
/* End XCConfigurationList section */
	};
	rootObject = 12E5F2CB30274DA6004E6173 /* Project object */;
}
